// !$*UTF8*$!
{
	archiveVersion = 1;
	classes = {
	};
	objectVersion = 48;
	objects = {

/* Begin PBXBuildFile section */
		3419FCA23753E245DD8970A0 /* libPods-SJNetWorking.a in Frameworks */ = {isa = PBXBuildFile; fileRef = F4872ADC2C4A74891D75FD8B /* libPods-SJNetWorking.a */; };
		CAE403C57960FA5B2B6F9280 /* libPods-SJNetWorkingUITests.a in Frameworks */ = {isa = PBXBuildFile; fileRef = 44ED603DF4BA1B21592A511B /* libPods-SJNetWorkingUITests.a */; };
		CE8F083B20118FAD00F34B8A /* AppDelegate.m in Sources */ = {isa = PBXBuildFile; fileRef = CE8F083A20118FAD00F34B8A /* AppDelegate.m */; };
		CE8F083E20118FAD00F34B8A /* ViewController.m in Sources */ = {isa = PBXBuildFile; fileRef = CE8F083D20118FAD00F34B8A /* ViewController.m */; };
		CE8F084120118FAD00F34B8A /* Main.storyboard in Resources */ = {isa = PBXBuildFile; fileRef = CE8F083F20118FAD00F34B8A /* Main.storyboard */; };
		CE8F084320118FAD00F34B8A /* Assets.xcassets in Resources */ = {isa = PBXBuildFile; fileRef = CE8F084220118FAD00F34B8A /* Assets.xcassets */; };
		CE8F084620118FAD00F34B8A /* LaunchScreen.storyboard in Resources */ = {isa = PBXBuildFile; fileRef = CE8F084420118FAD00F34B8A /* LaunchScreen.storyboard */; };
		CE8F084920118FAD00F34B8A /* main.m in Sources */ = {isa = PBXBuildFile; fileRef = CE8F084820118FAD00F34B8A /* main.m */; };
		CE8F085320118FAD00F34B8A /* SJNetWorkingTests.m in Sources */ = {isa = PBXBuildFile; fileRef = CE8F085220118FAD00F34B8A /* SJNetWorkingTests.m */; };
		CE8F085E20118FAD00F34B8A /* SJNetWorkingUITests.m in Sources */ = {isa = PBXBuildFile; fileRef = CE8F085D20118FAD00F34B8A /* SJNetWorkingUITests.m */; };
		CECA10C42015BE6B008B68E4 /* SJNetWorkCache.m in Sources */ = {isa = PBXBuildFile; fileRef = CECA10BB2015BE6B008B68E4 /* SJNetWorkCache.m */; };
		CECA10C52015BE6B008B68E4 /* SJNetWorkManager+Error.m in Sources */ = {isa = PBXBuildFile; fileRef = CECA10BD2015BE6B008B68E4 /* SJNetWorkManager+Error.m */; };
		CECA10C62015BE6B008B68E4 /* SJNetWorkManager+RequestCompletionHandle.m in Sources */ = {isa = PBXBuildFile; fileRef = CECA10BF2015BE6B008B68E4 /* SJNetWorkManager+RequestCompletionHandle.m */; };
		CECA10C72015BE6B008B68E4 /* SJNetWorkManager.m in Sources */ = {isa = PBXBuildFile; fileRef = CECA10C12015BE6B008B68E4 /* SJNetWorkManager.m */; };
		CECA10C82015BE6B008B68E4 /* UIImage+CompressImage.m in Sources */ = {isa = PBXBuildFile; fileRef = CECA10C32015BE6B008B68E4 /* UIImage+CompressImage.m */; };
		FF5C48A9B8B921C1202197C7 /* libPods-SJNetWorkingTests.a in Frameworks */ = {isa = PBXBuildFile; fileRef = F365BDEC2F5051ABD473809E /* libPods-SJNetWorkingTests.a */; };
/* End PBXBuildFile section */

/* Begin PBXContainerItemProxy section */
		CE8F084F20118FAD00F34B8A /* PBXContainerItemProxy */ = {
			isa = PBXContainerItemProxy;
			containerPortal = CE8F082E20118FAD00F34B8A /* Project object */;
			proxyType = 1;
			remoteGlobalIDString = CE8F083520118FAD00F34B8A;
			remoteInfo = SJNetWorking;
		};
		CE8F085A20118FAD00F34B8A /* PBXContainerItemProxy */ = {
			isa = PBXContainerItemProxy;
			containerPortal = CE8F082E20118FAD00F34B8A /* Project object */;
			proxyType = 1;
			remoteGlobalIDString = CE8F083520118FAD00F34B8A;
			remoteInfo = SJNetWorking;
		};
/* End PBXContainerItemProxy section */

/* Begin PBXFileReference section */
		43B3C7C25CCD7C059E510BC3 /* Pods-SJNetWorkingUITests.debug.xcconfig */ = {isa = PBXFileReference; includeInIndex = 1; lastKnownFileType = text.xcconfig; name = "Pods-SJNetWorkingUITests.debug.xcconfig"; path = "Pods/Target Support Files/Pods-SJNetWorkingUITests/Pods-SJNetWorkingUITests.debug.xcconfig"; sourceTree = "<group>"; };
		44ED603DF4BA1B21592A511B /* libPods-SJNetWorkingUITests.a */ = {isa = PBXFileReference; explicitFileType = archive.ar; includeInIndex = 0; path = "libPods-SJNetWorkingUITests.a"; sourceTree = BUILT_PRODUCTS_DIR; };
		6242E37B93436DEE80C9B354 /* Pods-SJNetWorkingTests.debug.xcconfig */ = {isa = PBXFileReference; includeInIndex = 1; lastKnownFileType = text.xcconfig; name = "Pods-SJNetWorkingTests.debug.xcconfig"; path = "Pods/Target Support Files/Pods-SJNetWorkingTests/Pods-SJNetWorkingTests.debug.xcconfig"; sourceTree = "<group>"; };
		6D0053D0D7FF5394EECA59EA /* Pods-SJNetWorkingUITests.release.xcconfig */ = {isa = PBXFileReference; includeInIndex = 1; lastKnownFileType = text.xcconfig; name = "Pods-SJNetWorkingUITests.release.xcconfig"; path = "Pods/Target Support Files/Pods-SJNetWorkingUITests/Pods-SJNetWorkingUITests.release.xcconfig"; sourceTree = "<group>"; };
		9350C7CBC2D6A66B9887703E /* Pods-SJNetWorking.release.xcconfig */ = {isa = PBXFileReference; includeInIndex = 1; lastKnownFileType = text.xcconfig; name = "Pods-SJNetWorking.release.xcconfig"; path = "Pods/Target Support Files/Pods-SJNetWorking/Pods-SJNetWorking.release.xcconfig"; sourceTree = "<group>"; };
		A0579D64CDBEDC1CAD02739B /* Pods-SJNetWorking.debug.xcconfig */ = {isa = PBXFileReference; includeInIndex = 1; lastKnownFileType = text.xcconfig; name = "Pods-SJNetWorking.debug.xcconfig"; path = "Pods/Target Support Files/Pods-SJNetWorking/Pods-SJNetWorking.debug.xcconfig"; sourceTree = "<group>"; };
		CE8F083620118FAD00F34B8A /* SJNetWorking.app */ = {isa = PBXFileReference; explicitFileType = wrapper.application; includeInIndex = 0; path = SJNetWorking.app; sourceTree = BUILT_PRODUCTS_DIR; };
		CE8F083920118FAD00F34B8A /* AppDelegate.h */ = {isa = PBXFileReference; lastKnownFileType = sourcecode.c.h; path = AppDelegate.h; sourceTree = "<group>"; };
		CE8F083A20118FAD00F34B8A /* AppDelegate.m */ = {isa = PBXFileReference; lastKnownFileType = sourcecode.c.objc; path = AppDelegate.m; sourceTree = "<group>"; };
		CE8F083C20118FAD00F34B8A /* ViewController.h */ = {isa = PBXFileReference; lastKnownFileType = sourcecode.c.h; path = ViewController.h; sourceTree = "<group>"; };
		CE8F083D20118FAD00F34B8A /* ViewController.m */ = {isa = PBXFileReference; lastKnownFileType = sourcecode.c.objc; path = ViewController.m; sourceTree = "<group>"; };
		CE8F084020118FAD00F34B8A /* Base */ = {isa = PBXFileReference; lastKnownFileType = file.storyboard; name = Base; path = Base.lproj/Main.storyboard; sourceTree = "<group>"; };
		CE8F084220118FAD00F34B8A /* Assets.xcassets */ = {isa = PBXFileReference; lastKnownFileType = folder.assetcatalog; path = Assets.xcassets; sourceTree = "<group>"; };
		CE8F084520118FAD00F34B8A /* Base */ = {isa = PBXFileReference; lastKnownFileType = file.storyboard; name = Base; path = Base.lproj/LaunchScreen.storyboard; sourceTree = "<group>"; };
		CE8F084720118FAD00F34B8A /* Info.plist */ = {isa = PBXFileReference; lastKnownFileType = text.plist.xml; path = Info.plist; sourceTree = "<group>"; };
		CE8F084820118FAD00F34B8A /* main.m */ = {isa = PBXFileReference; lastKnownFileType = sourcecode.c.objc; path = main.m; sourceTree = "<group>"; };
		CE8F084E20118FAD00F34B8A /* SJNetWorkingTests.xctest */ = {isa = PBXFileReference; explicitFileType = wrapper.cfbundle; includeInIndex = 0; path = SJNetWorkingTests.xctest; sourceTree = BUILT_PRODUCTS_DIR; };
		CE8F085220118FAD00F34B8A /* SJNetWorkingTests.m */ = {isa = PBXFileReference; lastKnownFileType = sourcecode.c.objc; path = SJNetWorkingTests.m; sourceTree = "<group>"; };
		CE8F085420118FAD00F34B8A /* Info.plist */ = {isa = PBXFileReference; lastKnownFileType = text.plist.xml; path = Info.plist; sourceTree = "<group>"; };
		CE8F085920118FAD00F34B8A /* SJNetWorkingUITests.xctest */ = {isa = PBXFileReference; explicitFileType = wrapper.cfbundle; includeInIndex = 0; path = SJNetWorkingUITests.xctest; sourceTree = BUILT_PRODUCTS_DIR; };
		CE8F085D20118FAD00F34B8A /* SJNetWorkingUITests.m */ = {isa = PBXFileReference; lastKnownFileType = sourcecode.c.objc; path = SJNetWorkingUITests.m; sourceTree = "<group>"; };
		CE8F085F20118FAD00F34B8A /* Info.plist */ = {isa = PBXFileReference; lastKnownFileType = text.plist.xml; path = Info.plist; sourceTree = "<group>"; };
		CECA10B92015BE6B008B68E4 /* SJNetFrame.h */ = {isa = PBXFileReference; fileEncoding = 4; lastKnownFileType = sourcecode.c.h; path = SJNetFrame.h; sourceTree = "<group>"; };
		CECA10BA2015BE6B008B68E4 /* SJNetWorkCache.h */ = {isa = PBXFileReference; fileEncoding = 4; lastKnownFileType = sourcecode.c.h; path = SJNetWorkCache.h; sourceTree = "<group>"; };
		CECA10BB2015BE6B008B68E4 /* SJNetWorkCache.m */ = {isa = PBXFileReference; fileEncoding = 4; lastKnownFileType = sourcecode.c.objc; path = SJNetWorkCache.m; sourceTree = "<group>"; };
		CECA10BC2015BE6B008B68E4 /* SJNetWorkManager+Error.h */ = {isa = PBXFileReference; fileEncoding = 4; lastKnownFileType = sourcecode.c.h; path = "SJNetWorkManager+Error.h"; sourceTree = "<group>"; };
		CECA10BD2015BE6B008B68E4 /* SJNetWorkManager+Error.m */ = {isa = PBXFileReference; fileEncoding = 4; lastKnownFileType = sourcecode.c.objc; path = "SJNetWorkManager+Error.m"; sourceTree = "<group>"; };
		CECA10BE2015BE6B008B68E4 /* SJNetWorkManager+RequestCompletionHandle.h */ = {isa = PBXFileReference; fileEncoding = 4; lastKnownFileType = sourcecode.c.h; path = "SJNetWorkManager+RequestCompletionHandle.h"; sourceTree = "<group>"; };
		CECA10BF2015BE6B008B68E4 /* SJNetWorkManager+RequestCompletionHandle.m */ = {isa = PBXFileReference; fileEncoding = 4; lastKnownFileType = sourcecode.c.objc; path = "SJNetWorkManager+RequestCompletionHandle.m"; sourceTree = "<group>"; };
		CECA10C02015BE6B008B68E4 /* SJNetWorkManager.h */ = {isa = PBXFileReference; fileEncoding = 4; lastKnownFileType = sourcecode.c.h; path = SJNetWorkManager.h; sourceTree = "<group>"; };
		CECA10C12015BE6B008B68E4 /* SJNetWorkManager.m */ = {isa = PBXFileReference; fileEncoding = 4; lastKnownFileType = sourcecode.c.objc; path = SJNetWorkManager.m; sourceTree = "<group>"; };
		CECA10C22015BE6B008B68E4 /* UIImage+CompressImage.h */ = {isa = PBXFileReference; fileEncoding = 4; lastKnownFileType = sourcecode.c.h; path = "UIImage+CompressImage.h"; sourceTree = "<group>"; };
		CECA10C32015BE6B008B68E4 /* UIImage+CompressImage.m */ = {isa = PBXFileReference; fileEncoding = 4; lastKnownFileType = sourcecode.c.objc; path = "UIImage+CompressImage.m"; sourceTree = "<group>"; };
		DD740A95147A918442F899D5 /* Pods-SJNetWorkingTests.release.xcconfig */ = {isa = PBXFileReference; includeInIndex = 1; lastKnownFileType = text.xcconfig; name = "Pods-SJNetWorkingTests.release.xcconfig"; path = "Pods/Target Support Files/Pods-SJNetWorkingTests/Pods-SJNetWorkingTests.release.xcconfig"; sourceTree = "<group>"; };
		F365BDEC2F5051ABD473809E /* libPods-SJNetWorkingTests.a */ = {isa = PBXFileReference; explicitFileType = archive.ar; includeInIndex = 0; path = "libPods-SJNetWorkingTests.a"; sourceTree = BUILT_PRODUCTS_DIR; };
		F4872ADC2C4A74891D75FD8B /* libPods-SJNetWorking.a */ = {isa = PBXFileReference; explicitFileType = archive.ar; includeInIndex = 0; path = "libPods-SJNetWorking.a"; sourceTree = BUILT_PRODUCTS_DIR; };
/* End PBXFileReference section */

/* Begin PBXFrameworksBuildPhase section */
		CE8F083320118FAD00F34B8A /* Frameworks */ = {
			isa = PBXFrameworksBuildPhase;
			buildActionMask = 2147483647;
			files = (
				3419FCA23753E245DD8970A0 /* libPods-SJNetWorking.a in Frameworks */,
			);
			runOnlyForDeploymentPostprocessing = 0;
		};
		CE8F084B20118FAD00F34B8A /* Frameworks */ = {
			isa = PBXFrameworksBuildPhase;
			buildActionMask = 2147483647;
			files = (
				FF5C48A9B8B921C1202197C7 /* libPods-SJNetWorkingTests.a in Frameworks */,
			);
			runOnlyForDeploymentPostprocessing = 0;
		};
		CE8F085620118FAD00F34B8A /* Frameworks */ = {
			isa = PBXFrameworksBuildPhase;
			buildActionMask = 2147483647;
			files = (
				CAE403C57960FA5B2B6F9280 /* libPods-SJNetWorkingUITests.a in Frameworks */,
			);
			runOnlyForDeploymentPostprocessing = 0;
		};
/* End PBXFrameworksBuildPhase section */

/* Begin PBXGroup section */
		5C523F7C5597C9D2B41D8680 /* Pods */ = {
			isa = PBXGroup;
			children = (
				A0579D64CDBEDC1CAD02739B /* Pods-SJNetWorking.debug.xcconfig */,
				9350C7CBC2D6A66B9887703E /* Pods-SJNetWorking.release.xcconfig */,
				6242E37B93436DEE80C9B354 /* Pods-SJNetWorkingTests.debug.xcconfig */,
				DD740A95147A918442F899D5 /* Pods-SJNetWorkingTests.release.xcconfig */,
				43B3C7C25CCD7C059E510BC3 /* Pods-SJNetWorkingUITests.debug.xcconfig */,
				6D0053D0D7FF5394EECA59EA /* Pods-SJNetWorkingUITests.release.xcconfig */,
			);
			name = Pods;
			sourceTree = "<group>";
		};
		A9EA8DB19F37125D010F9D03 /* Frameworks */ = {
			isa = PBXGroup;
			children = (
				F4872ADC2C4A74891D75FD8B /* libPods-SJNetWorking.a */,
				F365BDEC2F5051ABD473809E /* libPods-SJNetWorkingTests.a */,
				44ED603DF4BA1B21592A511B /* libPods-SJNetWorkingUITests.a */,
			);
			name = Frameworks;
			sourceTree = "<group>";
		};
		CE8F082D20118FAD00F34B8A = {
			isa = PBXGroup;
			children = (
				CE8F083820118FAD00F34B8A /* SJNetWorking */,
				CE8F085120118FAD00F34B8A /* SJNetWorkingTests */,
				CE8F085C20118FAD00F34B8A /* SJNetWorkingUITests */,
				CE8F083720118FAD00F34B8A /* Products */,
				5C523F7C5597C9D2B41D8680 /* Pods */,
				A9EA8DB19F37125D010F9D03 /* Frameworks */,
			);
			sourceTree = "<group>";
		};
		CE8F083720118FAD00F34B8A /* Products */ = {
			isa = PBXGroup;
			children = (
				CE8F083620118FAD00F34B8A /* SJNetWorking.app */,
				CE8F084E20118FAD00F34B8A /* SJNetWorkingTests.xctest */,
				CE8F085920118FAD00F34B8A /* SJNetWorkingUITests.xctest */,
			);
			name = Products;
			sourceTree = "<group>";
		};
		CE8F083820118FAD00F34B8A /* SJNetWorking */ = {
			isa = PBXGroup;
			children = (
				CECA10B82015BE6B008B68E4 /* SJNetFrame */,
				CE8F083920118FAD00F34B8A /* AppDelegate.h */,
				CE8F083A20118FAD00F34B8A /* AppDelegate.m */,
				CE8F083C20118FAD00F34B8A /* ViewController.h */,
				CE8F083D20118FAD00F34B8A /* ViewController.m */,
				CE8F083F20118FAD00F34B8A /* Main.storyboard */,
				CE8F084220118FAD00F34B8A /* Assets.xcassets */,
				CE8F084420118FAD00F34B8A /* LaunchScreen.storyboard */,
				CE8F084720118FAD00F34B8A /* Info.plist */,
				CE8F084820118FAD00F34B8A /* main.m */,
			);
			path = SJNetWorking;
			sourceTree = "<group>";
		};
		CE8F085120118FAD00F34B8A /* SJNetWorkingTests */ = {
			isa = PBXGroup;
			children = (
				CE8F085220118FAD00F34B8A /* SJNetWorkingTests.m */,
				CE8F085420118FAD00F34B8A /* Info.plist */,
			);
			path = SJNetWorkingTests;
			sourceTree = "<group>";
		};
		CE8F085C20118FAD00F34B8A /* SJNetWorkingUITests */ = {
			isa = PBXGroup;
			children = (
				CE8F085D20118FAD00F34B8A /* SJNetWorkingUITests.m */,
				CE8F085F20118FAD00F34B8A /* Info.plist */,
			);
			path = SJNetWorkingUITests;
			sourceTree = "<group>";
		};
		CECA10B82015BE6B008B68E4 /* SJNetFrame */ = {
			isa = PBXGroup;
			children = (
				CECA10B92015BE6B008B68E4 /* SJNetFrame.h */,
				CECA10BA2015BE6B008B68E4 /* SJNetWorkCache.h */,
				CECA10BB2015BE6B008B68E4 /* SJNetWorkCache.m */,
				CECA10BC2015BE6B008B68E4 /* SJNetWorkManager+Error.h */,
				CECA10BD2015BE6B008B68E4 /* SJNetWorkManager+Error.m */,
				CECA10BE2015BE6B008B68E4 /* SJNetWorkManager+RequestCompletionHandle.h */,
				CECA10BF2015BE6B008B68E4 /* SJNetWorkManager+RequestCompletionHandle.m */,
				CECA10C02015BE6B008B68E4 /* SJNetWorkManager.h */,
				CECA10C12015BE6B008B68E4 /* SJNetWorkManager.m */,
				CECA10C22015BE6B008B68E4 /* UIImage+CompressImage.h */,
				CECA10C32015BE6B008B68E4 /* UIImage+CompressImage.m */,
			);
			path = SJNetFrame;
			sourceTree = "<group>";
		};
/* End PBXGroup section */

/* Begin PBXNativeTarget section */
		CE8F083520118FAD00F34B8A /* SJNetWorking */ = {
			isa = PBXNativeTarget;
			buildConfigurationList = CE8F086220118FAD00F34B8A /* Build configuration list for PBXNativeTarget "SJNetWorking" */;
			buildPhases = (
				7A775EFD133AB7745549A6CB /* [CP] Check Pods Manifest.lock */,
				CE8F083220118FAD00F34B8A /* Sources */,
				CE8F083320118FAD00F34B8A /* Frameworks */,
				CE8F083420118FAD00F34B8A /* Resources */,
				8913617093DA12AD082D0E5E /* [CP] Embed Pods Frameworks */,
				B98FE18F42F45A7182472545 /* [CP] Copy Pods Resources */,
			);
			buildRules = (
			);
			dependencies = (
			);
			name = SJNetWorking;
			productName = SJNetWorking;
			productReference = CE8F083620118FAD00F34B8A /* SJNetWorking.app */;
			productType = "com.apple.product-type.application";
		};
		CE8F084D20118FAD00F34B8A /* SJNetWorkingTests */ = {
			isa = PBXNativeTarget;
			buildConfigurationList = CE8F086520118FAD00F34B8A /* Build configuration list for PBXNativeTarget "SJNetWorkingTests" */;
			buildPhases = (
				DF3905F3716D2ECE3AC798AD /* [CP] Check Pods Manifest.lock */,
				CE8F084A20118FAD00F34B8A /* Sources */,
				CE8F084B20118FAD00F34B8A /* Frameworks */,
				CE8F084C20118FAD00F34B8A /* Resources */,
				0C24EBECBC4DD54366A20DA3 /* [CP] Embed Pods Frameworks */,
				F23E3B101BAF22C81F262858 /* [CP] Copy Pods Resources */,
			);
			buildRules = (
			);
			dependencies = (
				CE8F085020118FAD00F34B8A /* PBXTargetDependency */,
			);
			name = SJNetWorkingTests;
			productName = SJNetWorkingTests;
			productReference = CE8F084E20118FAD00F34B8A /* SJNetWorkingTests.xctest */;
			productType = "com.apple.product-type.bundle.unit-test";
		};
		CE8F085820118FAD00F34B8A /* SJNetWorkingUITests */ = {
			isa = PBXNativeTarget;
			buildConfigurationList = CE8F086820118FAD00F34B8A /* Build configuration list for PBXNativeTarget "SJNetWorkingUITests" */;
			buildPhases = (
				9981768294C9220E3AD5ECBB /* [CP] Check Pods Manifest.lock */,
				CE8F085520118FAD00F34B8A /* Sources */,
				CE8F085620118FAD00F34B8A /* Frameworks */,
				CE8F085720118FAD00F34B8A /* Resources */,
				CA1EA1523AC44801E2101084 /* [CP] Embed Pods Frameworks */,
				30B0B3E2A70A38BD1AFA4C35 /* [CP] Copy Pods Resources */,
			);
			buildRules = (
			);
			dependencies = (
				CE8F085B20118FAD00F34B8A /* PBXTargetDependency */,
			);
			name = SJNetWorkingUITests;
			productName = SJNetWorkingUITests;
			productReference = CE8F085920118FAD00F34B8A /* SJNetWorkingUITests.xctest */;
			productType = "com.apple.product-type.bundle.ui-testing";
		};
/* End PBXNativeTarget section */

/* Begin PBXProject section */
		CE8F082E20118FAD00F34B8A /* Project object */ = {
			isa = PBXProject;
			attributes = {
				CLASSPREFIX = SJ;
				LastUpgradeCheck = 0910;
				ORGANIZATIONNAME = Hello;
				TargetAttributes = {
					CE8F083520118FAD00F34B8A = {
						CreatedOnToolsVersion = 9.1;
						ProvisioningStyle = Automatic;
					};
					CE8F084D20118FAD00F34B8A = {
						CreatedOnToolsVersion = 9.1;
						ProvisioningStyle = Automatic;
						TestTargetID = CE8F083520118FAD00F34B8A;
					};
					CE8F085820118FAD00F34B8A = {
						CreatedOnToolsVersion = 9.1;
						ProvisioningStyle = Automatic;
						TestTargetID = CE8F083520118FAD00F34B8A;
					};
				};
			};
			buildConfigurationList = CE8F083120118FAD00F34B8A /* Build configuration list for PBXProject "SJNetWorking" */;
			compatibilityVersion = "Xcode 8.0";
			developmentRegion = en;
			hasScannedForEncodings = 0;
			knownRegions = (
				en,
				Base,
			);
			mainGroup = CE8F082D20118FAD00F34B8A;
			productRefGroup = CE8F083720118FAD00F34B8A /* Products */;
			projectDirPath = "";
			projectRoot = "";
			targets = (
				CE8F083520118FAD00F34B8A /* SJNetWorking */,
				CE8F084D20118FAD00F34B8A /* SJNetWorkingTests */,
				CE8F085820118FAD00F34B8A /* SJNetWorkingUITests */,
			);
		};
/* End PBXProject section */

/* Begin PBXResourcesBuildPhase section */
		CE8F083420118FAD00F34B8A /* Resources */ = {
			isa = PBXResourcesBuildPhase;
			buildActionMask = 2147483647;
			files = (
				CE8F084620118FAD00F34B8A /* LaunchScreen.storyboard in Resources */,
				CE8F084320118FAD00F34B8A /* Assets.xcassets in Resources */,
				CE8F084120118FAD00F34B8A /* Main.storyboard in Resources */,
			);
			runOnlyForDeploymentPostprocessing = 0;
		};
		CE8F084C20118FAD00F34B8A /* Resources */ = {
			isa = PBXResourcesBuildPhase;
			buildActionMask = 2147483647;
			files = (
			);
			runOnlyForDeploymentPostprocessing = 0;
		};
		CE8F085720118FAD00F34B8A /* Resources */ = {
			isa = PBXResourcesBuildPhase;
			buildActionMask = 2147483647;
			files = (
			);
			runOnlyForDeploymentPostprocessing = 0;
		};
/* End PBXResourcesBuildPhase section */

/* Begin PBXShellScriptBuildPhase section */
		0C24EBECBC4DD54366A20DA3 /* [CP] Embed Pods Frameworks */ = {
			isa = PBXShellScriptBuildPhase;
			buildActionMask = 2147483647;
			files = (
			);
			inputPaths = (
			);
			name = "[CP] Embed Pods Frameworks";
			outputPaths = (
			);
			runOnlyForDeploymentPostprocessing = 0;
			shellPath = /bin/sh;
			shellScript = "\"${SRCROOT}/Pods/Target Support Files/Pods-SJNetWorkingTests/Pods-SJNetWorkingTests-frameworks.sh\"\n";
			showEnvVarsInLog = 0;
		};
		30B0B3E2A70A38BD1AFA4C35 /* [CP] Copy Pods Resources */ = {
			isa = PBXShellScriptBuildPhase;
			buildActionMask = 2147483647;
			files = (
			);
			inputPaths = (
			);
			name = "[CP] Copy Pods Resources";
			outputPaths = (
			);
			runOnlyForDeploymentPostprocessing = 0;
			shellPath = /bin/sh;
			shellScript = "\"${SRCROOT}/Pods/Target Support Files/Pods-SJNetWorkingUITests/Pods-SJNetWorkingUITests-resources.sh\"\n";
			showEnvVarsInLog = 0;
		};
		7A775EFD133AB7745549A6CB /* [CP] Check Pods Manifest.lock */ = {
			isa = PBXShellScriptBuildPhase;
			buildActionMask = 2147483647;
			files = (
			);
			inputPaths = (
				"${PODS_PODFILE_DIR_PATH}/Podfile.lock",
				"${PODS_ROOT}/Manifest.lock",
			);
			name = "[CP] Check Pods Manifest.lock";
			outputPaths = (
				"$(DERIVED_FILE_DIR)/Pods-SJNetWorking-checkManifestLockResult.txt",
			);
			runOnlyForDeploymentPostprocessing = 0;
			shellPath = /bin/sh;
			shellScript = "diff \"${PODS_PODFILE_DIR_PATH}/Podfile.lock\" \"${PODS_ROOT}/Manifest.lock\" > /dev/null\nif [ $? != 0 ] ; then\n    # print error to STDERR\n    echo \"error: The sandbox is not in sync with the Podfile.lock. Run 'pod install' or update your CocoaPods installation.\" >&2\n    exit 1\nfi\n# This output is used by Xcode 'outputs' to avoid re-running this script phase.\necho \"SUCCESS\" > \"${SCRIPT_OUTPUT_FILE_0}\"\n";
			showEnvVarsInLog = 0;
		};
		8913617093DA12AD082D0E5E /* [CP] Embed Pods Frameworks */ = {
			isa = PBXShellScriptBuildPhase;
			buildActionMask = 2147483647;
			files = (
			);
			inputPaths = (
			);
			name = "[CP] Embed Pods Frameworks";
			outputPaths = (
			);
			runOnlyForDeploymentPostprocessing = 0;
			shellPath = /bin/sh;
			shellScript = "\"${SRCROOT}/Pods/Target Support Files/Pods-SJNetWorking/Pods-SJNetWorking-frameworks.sh\"\n";
			showEnvVarsInLog = 0;
		};
		9981768294C9220E3AD5ECBB /* [CP] Check Pods Manifest.lock */ = {
			isa = PBXShellScriptBuildPhase;
			buildActionMask = 2147483647;
			files = (
			);
			inputPaths = (
				"${PODS_PODFILE_DIR_PATH}/Podfile.lock",
				"${PODS_ROOT}/Manifest.lock",
			);
			name = "[CP] Check Pods Manifest.lock";
			outputPaths = (
				"$(DERIVED_FILE_DIR)/Pods-SJNetWorkingUITests-checkManifestLockResult.txt",
			);
			runOnlyForDeploymentPostprocessing = 0;
			shellPath = /bin/sh;
			shellScript = "diff \"${PODS_PODFILE_DIR_PATH}/Podfile.lock\" \"${PODS_ROOT}/Manifest.lock\" > /dev/null\nif [ $? != 0 ] ; then\n    # print error to STDERR\n    echo \"error: The sandbox is not in sync with the Podfile.lock. Run 'pod install' or update your CocoaPods installation.\" >&2\n    exit 1\nfi\n# This output is used by Xcode 'outputs' to avoid re-running this script phase.\necho \"SUCCESS\" > \"${SCRIPT_OUTPUT_FILE_0}\"\n";
			showEnvVarsInLog = 0;
		};
		B98FE18F42F45A7182472545 /* [CP] Copy Pods Resources */ = {
			isa = PBXShellScriptBuildPhase;
			buildActionMask = 2147483647;
			files = (
			);
			inputPaths = (
			);
			name = "[CP] Copy Pods Resources";
			outputPaths = (
			);
			runOnlyForDeploymentPostprocessing = 0;
			shellPath = /bin/sh;
			shellScript = "\"${SRCROOT}/Pods/Target Support Files/Pods-SJNetWorking/Pods-SJNetWorking-resources.sh\"\n";
			showEnvVarsInLog = 0;
		};
		CA1EA1523AC44801E2101084 /* [CP] Embed Pods Frameworks */ = {
			isa = PBXShellScriptBuildPhase;
			buildActionMask = 2147483647;
			files = (
			);
			inputPaths = (
			);
			name = "[CP] Embed Pods Frameworks";
			outputPaths = (
			);
			runOnlyForDeploymentPostprocessing = 0;
			shellPath = /bin/sh;
			shellScript = "\"${SRCROOT}/Pods/Target Support Files/Pods-SJNetWorkingUITests/Pods-SJNetWorkingUITests-frameworks.sh\"\n";
			showEnvVarsInLog = 0;
		};
		DF3905F3716D2ECE3AC798AD /* [CP] Check Pods Manifest.lock */ = {
			isa = PBXShellScriptBuildPhase;
			buildActionMask = 2147483647;
			files = (
			);
			inputPaths = (
				"${PODS_PODFILE_DIR_PATH}/Podfile.lock",
				"${PODS_ROOT}/Manifest.lock",
			);
			name = "[CP] Check Pods Manifest.lock";
			outputPaths = (
				"$(DERIVED_FILE_DIR)/Pods-SJNetWorkingTests-checkManifestLockResult.txt",
			);
			runOnlyForDeploymentPostprocessing = 0;
			shellPath = /bin/sh;
			shellScript = "diff \"${PODS_PODFILE_DIR_PATH}/Podfile.lock\" \"${PODS_ROOT}/Manifest.lock\" > /dev/null\nif [ $? != 0 ] ; then\n    # print error to STDERR\n    echo \"error: The sandbox is not in sync with the Podfile.lock. Run 'pod install' or update your CocoaPods installation.\" >&2\n    exit 1\nfi\n# This output is used by Xcode 'outputs' to avoid re-running this script phase.\necho \"SUCCESS\" > \"${SCRIPT_OUTPUT_FILE_0}\"\n";
			showEnvVarsInLog = 0;
		};
		F23E3B101BAF22C81F262858 /* [CP] Copy Pods Resources */ = {
			isa = PBXShellScriptBuildPhase;
			buildActionMask = 2147483647;
			files = (
			);
			inputPaths = (
			);
			name = "[CP] Copy Pods Resources";
			outputPaths = (
			);
			runOnlyForDeploymentPostprocessing = 0;
			shellPath = /bin/sh;
			shellScript = "\"${SRCROOT}/Pods/Target Support Files/Pods-SJNetWorkingTests/Pods-SJNetWorkingTests-resources.sh\"\n";
			showEnvVarsInLog = 0;
		};
/* End PBXShellScriptBuildPhase section */

/* Begin PBXSourcesBuildPhase section */
		CE8F083220118FAD00F34B8A /* Sources */ = {
			isa = PBXSourcesBuildPhase;
			buildActionMask = 2147483647;
			files = (
				CE8F083E20118FAD00F34B8A /* ViewController.m in Sources */,
				CECA10C62015BE6B008B68E4 /* SJNetWorkManager+RequestCompletionHandle.m in Sources */,
				CECA10C72015BE6B008B68E4 /* SJNetWorkManager.m in Sources */,
				CE8F084920118FAD00F34B8A /* main.m in Sources */,
				CECA10C52015BE6B008B68E4 /* SJNetWorkManager+Error.m in Sources */,
				CECA10C82015BE6B008B68E4 /* UIImage+CompressImage.m in Sources */,
				CECA10C42015BE6B008B68E4 /* SJNetWorkCache.m in Sources */,
				CE8F083B20118FAD00F34B8A /* AppDelegate.m in Sources */,
			);
			runOnlyForDeploymentPostprocessing = 0;
		};
		CE8F084A20118FAD00F34B8A /* Sources */ = {
			isa = PBXSourcesBuildPhase;
			buildActionMask = 2147483647;
			files = (
				CE8F085320118FAD00F34B8A /* SJNetWorkingTests.m in Sources */,
			);
			runOnlyForDeploymentPostprocessing = 0;
		};
		CE8F085520118FAD00F34B8A /* Sources */ = {
			isa = PBXSourcesBuildPhase;
			buildActionMask = 2147483647;
			files = (
				CE8F085E20118FAD00F34B8A /* SJNetWorkingUITests.m in Sources */,
			);
			runOnlyForDeploymentPostprocessing = 0;
		};
/* End PBXSourcesBuildPhase section */

/* Begin PBXTargetDependency section */
		CE8F085020118FAD00F34B8A /* PBXTargetDependency */ = {
			isa = PBXTargetDependency;
			target = CE8F083520118FAD00F34B8A /* SJNetWorking */;
			targetProxy = CE8F084F20118FAD00F34B8A /* PBXContainerItemProxy */;
		};
		CE8F085B20118FAD00F34B8A /* PBXTargetDependency */ = {
			isa = PBXTargetDependency;
			target = CE8F083520118FAD00F34B8A /* SJNetWorking */;
			targetProxy = CE8F085A20118FAD00F34B8A /* PBXContainerItemProxy */;
		};
/* End PBXTargetDependency section */

/* Begin PBXVariantGroup section */
		CE8F083F20118FAD00F34B8A /* Main.storyboard */ = {
			isa = PBXVariantGroup;
			children = (
				CE8F084020118FAD00F34B8A /* Base */,
			);
			name = Main.storyboard;
			sourceTree = "<group>";
		};
		CE8F084420118FAD00F34B8A /* LaunchScreen.storyboard */ = {
			isa = PBXVariantGroup;
			children = (
				CE8F084520118FAD00F34B8A /* Base */,
			);
			name = LaunchScreen.storyboard;
			sourceTree = "<group>";
		};
/* End PBXVariantGroup section */

/* Begin XCBuildConfiguration section */
		CE8F086020118FAD00F34B8A /* Debug */ = {
			isa = XCBuildConfiguration;
			buildSettings = {
				ALWAYS_SEARCH_USER_PATHS = NO;
				CLANG_ANALYZER_NONNULL = YES;
				CLANG_ANALYZER_NUMBER_OBJECT_CONVERSION = YES_AGGRESSIVE;
				CLANG_CXX_LANGUAGE_STANDARD = "gnu++14";
				CLANG_CXX_LIBRARY = "libc++";
				CLANG_ENABLE_MODULES = YES;
				CLANG_ENABLE_OBJC_ARC = YES;
				CLANG_WARN_BLOCK_CAPTURE_AUTORELEASING = YES;
				CLANG_WARN_BOOL_CONVERSION = YES;
				CLANG_WARN_COMMA = YES;
				CLANG_WARN_CONSTANT_CONVERSION = YES;
				CLANG_WARN_DIRECT_OBJC_ISA_USAGE = YES_ERROR;
				CLANG_WARN_DOCUMENTATION_COMMENTS = YES;
				CLANG_WARN_EMPTY_BODY = YES;
				CLANG_WARN_ENUM_CONVERSION = YES;
				CLANG_WARN_INFINITE_RECURSION = YES;
				CLANG_WARN_INT_CONVERSION = YES;
				CLANG_WARN_NON_LITERAL_NULL_CONVERSION = YES;
				CLANG_WARN_OBJC_LITERAL_CONVERSION = YES;
				CLANG_WARN_OBJC_ROOT_CLASS = YES_ERROR;
				CLANG_WARN_RANGE_LOOP_ANALYSIS = YES;
				CLANG_WARN_STRICT_PROTOTYPES = YES;
				CLANG_WARN_SUSPICIOUS_MOVE = YES;
				CLANG_WARN_UNGUARDED_AVAILABILITY = YES_AGGRESSIVE;
				CLANG_WARN_UNREACHABLE_CODE = YES;
				CLANG_WARN__DUPLICATE_METHOD_MATCH = YES;
				CODE_SIGN_IDENTITY = "iPhone Developer";
				COPY_PHASE_STRIP = NO;
				DEBUG_INFORMATION_FORMAT = dwarf;
				ENABLE_STRICT_OBJC_MSGSEND = YES;
				ENABLE_TESTABILITY = YES;
				GCC_C_LANGUAGE_STANDARD = gnu11;
				GCC_DYNAMIC_NO_PIC = NO;
				GCC_NO_COMMON_BLOCKS = YES;
				GCC_OPTIMIZATION_LEVEL = 0;
				GCC_PREPROCESSOR_DEFINITIONS = (
					"DEBUG=1",
					"$(inherited)",
				);
				GCC_WARN_64_TO_32_BIT_CONVERSION = YES;
				GCC_WARN_ABOUT_RETURN_TYPE = YES_ERROR;
				GCC_WARN_UNDECLARED_SELECTOR = YES;
				GCC_WARN_UNINITIALIZED_AUTOS = YES_AGGRESSIVE;
				GCC_WARN_UNUSED_FUNCTION = YES;
				GCC_WARN_UNUSED_VARIABLE = YES;
				IPHONEOS_DEPLOYMENT_TARGET = 11.1;
				MTL_ENABLE_DEBUG_INFO = YES;
				ONLY_ACTIVE_ARCH = YES;
				SDKROOT = iphoneos;
			};
			name = Debug;
		};
		CE8F086120118FAD00F34B8A /* Release */ = {
			isa = XCBuildConfiguration;
			buildSettings = {
				ALWAYS_SEARCH_USER_PATHS = NO;
				CLANG_ANALYZER_NONNULL = YES;
				CLANG_ANALYZER_NUMBER_OBJECT_CONVERSION = YES_AGGRESSIVE;
				CLANG_CXX_LANGUAGE_STANDARD = "gnu++14";
				CLANG_CXX_LIBRARY = "libc++";
				CLANG_ENABLE_MODULES = YES;
				CLANG_ENABLE_OBJC_ARC = YES;
				CLANG_WARN_BLOCK_CAPTURE_AUTORELEASING = YES;
				CLANG_WARN_BOOL_CONVERSION = YES;
				CLANG_WARN_COMMA = YES;
				CLANG_WARN_CONSTANT_CONVERSION = YES;
				CLANG_WARN_DIRECT_OBJC_ISA_USAGE = YES_ERROR;
				CLANG_WARN_DOCUMENTATION_COMMENTS = YES;
				CLANG_WARN_EMPTY_BODY = YES;
				CLANG_WARN_ENUM_CONVERSION = YES;
				CLANG_WARN_INFINITE_RECURSION = YES;
				CLANG_WARN_INT_CONVERSION = YES;
				CLANG_WARN_NON_LITERAL_NULL_CONVERSION = YES;
				CLANG_WARN_OBJC_LITERAL_CONVERSION = YES;
				CLANG_WARN_OBJC_ROOT_CLASS = YES_ERROR;
				CLANG_WARN_RANGE_LOOP_ANALYSIS = YES;
				CLANG_WARN_STRICT_PROTOTYPES = YES;
				CLANG_WARN_SUSPICIOUS_MOVE = YES;
				CLANG_WARN_UNGUARDED_AVAILABILITY = YES_AGGRESSIVE;
				CLANG_WARN_UNREACHABLE_CODE = YES;
				CLANG_WARN__DUPLICATE_METHOD_MATCH = YES;
				CODE_SIGN_IDENTITY = "iPhone Developer";
				COPY_PHASE_STRIP = NO;
				DEBUG_INFORMATION_FORMAT = "dwarf-with-dsym";
				ENABLE_NS_ASSERTIONS = NO;
				ENABLE_STRICT_OBJC_MSGSEND = YES;
				GCC_C_LANGUAGE_STANDARD = gnu11;
				GCC_NO_COMMON_BLOCKS = YES;
				GCC_WARN_64_TO_32_BIT_CONVERSION = YES;
				GCC_WARN_ABOUT_RETURN_TYPE = YES_ERROR;
				GCC_WARN_UNDECLARED_SELECTOR = YES;
				GCC_WARN_UNINITIALIZED_AUTOS = YES_AGGRESSIVE;
				GCC_WARN_UNUSED_FUNCTION = YES;
				GCC_WARN_UNUSED_VARIABLE = YES;
				IPHONEOS_DEPLOYMENT_TARGET = 11.1;
				MTL_ENABLE_DEBUG_INFO = NO;
				SDKROOT = iphoneos;
				VALIDATE_PRODUCT = YES;
			};
			name = Release;
		};
		CE8F086320118FAD00F34B8A /* Debug */ = {
			isa = XCBuildConfiguration;
			baseConfigurationReference = A0579D64CDBEDC1CAD02739B /* Pods-SJNetWorking.debug.xcconfig */;
			buildSettings = {
				ASSETCATALOG_COMPILER_APPICON_NAME = AppIcon;
				CLANG_ALLOW_NON_MODULAR_INCLUDES_IN_FRAMEWORK_MODULES = NO;
				CODE_SIGN_STYLE = Automatic;
				DEVELOPMENT_TEAM = 8FWH65MTY8;
				INFOPLIST_FILE = SJNetWorking/Info.plist;
				IPHONEOS_DEPLOYMENT_TARGET = 8.0;
				LD_RUNPATH_SEARCH_PATHS = "$(inherited) @executable_path/Frameworks";
				PRODUCT_BUNDLE_IDENTIFIER = Lsj.SJNetWorking;
				PRODUCT_NAME = "$(TARGET_NAME)";
				TARGETED_DEVICE_FAMILY = "1,2";
			};
			name = Debug;
		};
		CE8F086420118FAD00F34B8A /* Release */ = {
			isa = XCBuildConfiguration;
			baseConfigurationReference = 9350C7CBC2D6A66B9887703E /* Pods-SJNetWorking.release.xcconfig */;
			buildSettings = {
				ASSETCATALOG_COMPILER_APPICON_NAME = AppIcon;
				CLANG_ALLOW_NON_MODULAR_INCLUDES_IN_FRAMEWORK_MODULES = NO;
				CODE_SIGN_STYLE = Automatic;
				DEVELOPMENT_TEAM = 8FWH65MTY8;
				INFOPLIST_FILE = SJNetWorking/Info.plist;
				IPHONEOS_DEPLOYMENT_TARGET = 8.0;
				LD_RUNPATH_SEARCH_PATHS = "$(inherited) @executable_path/Frameworks";
				PRODUCT_BUNDLE_IDENTIFIER = Lsj.SJNetWorking;
				PRODUCT_NAME = "$(TARGET_NAME)";
				TARGETED_DEVICE_FAMILY = "1,2";
			};
			name = Release;
		};
		CE8F086620118FAD00F34B8A /* Debug */ = {
			isa = XCBuildConfiguration;
			baseConfigurationReference = 6242E37B93436DEE80C9B354 /* Pods-SJNetWorkingTests.debug.xcconfig */;
			buildSettings = {
				BUNDLE_LOADER = "$(TEST_HOST)";
				CODE_SIGN_STYLE = Automatic;
				DEVELOPMENT_TEAM = 8FWH65MTY8;
				INFOPLIST_FILE = SJNetWorkingTests/Info.plist;
				LD_RUNPATH_SEARCH_PATHS = "$(inherited) @executable_path/Frameworks @loader_path/Frameworks";
				PRODUCT_BUNDLE_IDENTIFIER = Lsj.SJNetWorkingTests;
				PRODUCT_NAME = "$(TARGET_NAME)";
				TARGETED_DEVICE_FAMILY = "1,2";
				TEST_HOST = "$(BUILT_PRODUCTS_DIR)/SJNetWorking.app/SJNetWorking";
			};
			name = Debug;
		};
		CE8F086720118FAD00F34B8A /* Release */ = {
			isa = XCBuildConfiguration;
			baseConfigurationReference = DD740A95147A918442F899D5 /* Pods-SJNetWorkingTests.release.xcconfig */;
			buildSettings = {
				BUNDLE_LOADER = "$(TEST_HOST)";
				CODE_SIGN_STYLE = Automatic;
				DEVELOPMENT_TEAM = 8FWH65MTY8;
				INFOPLIST_FILE = SJNetWorkingTests/Info.plist;
				LD_RUNPATH_SEARCH_PATHS = "$(inherited) @executable_path/Frameworks @loader_path/Frameworks";
				PRODUCT_BUNDLE_IDENTIFIER = Lsj.SJNetWorkingTests;
				PRODUCT_NAME = "$(TARGET_NAME)";
				TARGETED_DEVICE_FAMILY = "1,2";
				TEST_HOST = "$(BUILT_PRODUCTS_DIR)/SJNetWorking.app/SJNetWorking";
			};
			name = Release;
		};
		CE8F086920118FAD00F34B8A /* Debug */ = {
			isa = XCBuildConfiguration;
			baseConfigurationReference = 43B3C7C25CCD7C059E510BC3 /* Pods-SJNetWorkingUITests.debug.xcconfig */;
			buildSettings = {
				CODE_SIGN_STYLE = Automatic;
				DEVELOPMENT_TEAM = 8FWH65MTY8;
				INFOPLIST_FILE = SJNetWorkingUITests/Info.plist;
				LD_RUNPATH_SEARCH_PATHS = "$(inherited) @executable_path/Frameworks @loader_path/Frameworks";
				PRODUCT_BUNDLE_IDENTIFIER = Lsj.SJNetWorkingUITests;
				PRODUCT_NAME = "$(TARGET_NAME)";
				TARGETED_DEVICE_FAMILY = "1,2";
				TEST_TARGET_NAME = SJNetWorking;
			};
			name = Debug;
		};
		CE8F086A20118FAD00F34B8A /* Release */ = {
			isa = XCBuildConfiguration;
			baseConfigurationReference = 6D0053D0D7FF5394EECA59EA /* Pods-SJNetWorkingUITests.release.xcconfig */;
			buildSettings = {
				CODE_SIGN_STYLE = Automatic;
				DEVELOPMENT_TEAM = 8FWH65MTY8;
				INFOPLIST_FILE = SJNetWorkingUITests/Info.plist;
				LD_RUNPATH_SEARCH_PATHS = "$(inherited) @executable_path/Frameworks @loader_path/Frameworks";
				PRODUCT_BUNDLE_IDENTIFIER = Lsj.SJNetWorkingUITests;
				PRODUCT_NAME = "$(TARGET_NAME)";
				TARGETED_DEVICE_FAMILY = "1,2";
				TEST_TARGET_NAME = SJNetWorking;
			};
			name = Release;
		};
/* End XCBuildConfiguration section */

/* Begin XCConfigurationList section */
		CE8F083120118FAD00F34B8A /* Build configuration list for PBXProject "SJNetWorking" */ = {
			isa = XCConfigurationList;
			buildConfigurations = (
				CE8F086020118FAD00F34B8A /* Debug */,
				CE8F086120118FAD00F34B8A /* Release */,
			);
			defaultConfigurationIsVisible = 0;
			defaultConfigurationName = Release;
		};
		CE8F086220118FAD00F34B8A /* Build configuration list for PBXNativeTarget "SJNetWorking" */ = {
			isa = XCConfigurationList;
			buildConfigurations = (
				CE8F086320118FAD00F34B8A /* Debug */,
				CE8F086420118FAD00F34B8A /* Release */,
			);
			defaultConfigurationIsVisible = 0;
			defaultConfigurationName = Release;
		};
		CE8F086520118FAD00F34B8A /* Build configuration list for PBXNativeTarget "SJNetWorkingTests" */ = {
			isa = XCConfigurationList;
			buildConfigurations = (
				CE8F086620118FAD00F34B8A /* Debug */,
				CE8F086720118FAD00F34B8A /* Release */,
			);
			defaultConfigurationIsVisible = 0;
			defaultConfigurationName = Release;
		};
		CE8F086820118FAD00F34B8A /* Build configuration list for PBXNativeTarget "SJNetWorkingUITests" */ = {
			isa = XCConfigurationList;
			buildConfigurations = (
				CE8F086920118FAD00F34B8A /* Debug */,
				CE8F086A20118FAD00F34B8A /* Release */,
			);
			defaultConfigurationIsVisible = 0;
			defaultConfigurationName = Release;
		};
/* End XCConfigurationList section */
	};
	rootObject = CE8F082E20118FAD00F34B8A /* Project object */;
}
